
Microsoft Visual Studio Solution File, Format Version 12.00
# Visual Studio Version 17
VisualStudioVersion = 17.0.31903.59
MinimumVisualStudioVersion = 10.0.40219.1
Project("{FAE04EC0-301F-11D3-BF4B-00C04F79EFBC}") = "Portfolio", "Portfolio\Portfolio.csproj", "{40746ECB-8C93-47B3-A9B9-48CE34AC5873}"
EndProject
Global
	GlobalSection(SolutionConfigurationPlatforms) = preSolution
		Debug|Any CPU = Debug|Any CPU
		Release|Any CPU = Release|Any CPU
	EndGlobalSection
	GlobalSection(SolutionProperties) = preSolution
		HideSolutionNode = FALSE
	EndGlobalSection
	GlobalSection(ProjectConfigurationPlatforms) = postSolution
		{40746ECB-8C93-47B3-A9B9-48CE34AC5873}.Debug|Any CPU.ActiveCfg = Debug|Any CPU
		{40746ECB-8C93-47B3-A9B9-48CE34AC5873}.Debug|Any CPU.Build.0 = Debug|Any CPU
		{40746ECB-8C93-47B3-A9B9-48CE34AC5873}.Release|Any CPU.ActiveCfg = Release|Any CPU
		{40746ECB-8C93-47B3-A9B9-48CE34AC5873}.Release|Any CPU.Build.0 = Release|Any CPU
	EndGlobalSection
EndGlobal
